
Microsoft Visual Studio Solution File, Format Version 12.00
# Visual Studio Version 17
VisualStudioVersion = 17.10.35027.167
MinimumVisualStudioVersion = 10.0.40219.1
Project("{FAE04EC0-301F-11D3-BF4B-00C04F79EFBC}") = "prySilvaSP3", "prySilvaSP3\prySilvaSP3.csproj", "{280619D0-B5F9-49A2-90E4-215294B0E45F}"
EndProject
Global
	GlobalSection(SolutionConfigurationPlatforms) = preSolution
		Debug|Any CPU = Debug|Any CPU
		Release|Any CPU = Release|Any CPU
	EndGlobalSection
	GlobalSection(ProjectConfigurationPlatforms) = postSolution
		{280619D0-B5F9-49A2-90E4-215294B0E45F}.Debug|Any CPU.ActiveCfg = Debug|Any CPU
		{280619D0-B5F9-49A2-90E4-215294B0E45F}.Debug|Any CPU.Build.0 = Debug|Any CPU
		{280619D0-B5F9-49A2-90E4-215294B0E45F}.Release|Any CPU.ActiveCfg = Release|Any CPU
		{280619D0-B5F9-49A2-90E4-215294B0E45F}.Release|Any CPU.Build.0 = Release|Any CPU
	EndGlobalSection
	GlobalSection(SolutionProperties) = preSolution
		HideSolutionNode = FALSE
	EndGlobalSection
	GlobalSection(ExtensibilityGlobals) = postSolution
		SolutionGuid = {7015D15E-ADE1-4CDE-8E03-43297CA79370}
	EndGlobalSection
EndGlobal
